hash: e2a4dd8e8cf0c0a80eef155149071ee6d95beebc989df2c3ed3ba1338063875f
updated: 2017-08-03T16:32:57.860804027+01:00
imports:
- name: github.com/onsi/ginkgo
  version: 7b6efc7d7b052568b49ac02d3141c9d7a5a494a4
  subpackages:
  - config
  - internal/codelocation
  - internal/containernode
  - internal/failer
  - internal/leafnodes
  - internal/remote
  - internal/spec
  - internal/specrunner
  - internal/suite
  - internal/testingtproxy
  - internal/writer
  - reporters
  - reporters/stenographer
  - types
- name: github.com/onsi/gomega
  version: d59fa0ac68bb5dd932ee8d24eed631cdd519efc3
  subpackages:
  - format
  - gbytes
  - gexec
  - internal/assertion
  - internal/asyncassertion
  - internal/oraclematcher
  - internal/testingtsupport
  - matchers
  - matchers/support/goraph/bipartitegraph
  - matchers/support/goraph/edge
  - matchers/support/goraph/node
  - matchers/support/goraph/util
  - types
- name: golang.org/x/sys
  version: d8f5ea21b9295e315e612b4bcf4bedea93454d4d
  subpackages:
  - unix
- name: gopkg.in/yaml.v1
  version: 9f9df34309c04878acc86042b16630b0f696e1de
- name: gopkg.in/yaml.v2
  version: 31c299268d302dd0aa9a0dcf765a3d58971ac83f
testImports: []
