# This file is autogenerated, do not edit; changes may be undone by the next 'dep ensure'.


[[projects]]
  digest = "1:8237d041afec57ff5e403f5b00efe88dd7584dfec9b5c257ff23061d4bc91166"
  name = "code.cloudfoundry.org/cfhttp"
  packages = ["v2"]
  pruneopts = "UT"
  revision = "96f7a23cbfc6b07fdc47b5b51ed7ca6215dfeb0c"
  version = "v2.0.0"

[[projects]]
  digest = "1:bcc7d110ff5e55826109fbbad07617976e44afcbb17663238e84b480496cc2d7"
  name = "code.cloudfoundry.org/credhub-cli"
  packages = [
    "credhub",
    "credhub/auth",
    "credhub/auth/uaa",
    "credhub/credentials",
    "credhub/credentials/generate",
    "credhub/credentials/values",
    "credhub/permissions",
    "credhub/server",
    "errors",
  ]
  pruneopts = "UT"
  revision = "4ba6e6ae8c9d7de0ee7801ba11682393ad748b23"
  version = "2.7.0"

[[projects]]
  branch = "master"
  digest = "1:7154d63883cfefadd06baa59baa4b7c3f7e16905cb93414849e27435809be3a8"
  name = "code.cloudfoundry.org/routing-api"
  packages = [
    ".",
    "models",
  ]
  pruneopts = "UT"
  revision = "8cf9b4589b27e775d573f8cab298356a01a72174"

[[projects]]
  branch = "master"
  digest = "1:133c748d60a89400639f72bb9cb94941374c82b119bb3df467b95bbae1fd9138"
  name = "code.cloudfoundry.org/trace-logger"
  packages = ["."]
  pruneopts = "UT"
  revision = "107ef08a939d5be6092ce2b5f171a16aba149cb2"

[[projects]]
  branch = "master"
  digest = "1:2099049d052c80cc81243a4c5f691667161425d1cf6aa64b05d23f6bc640a0a3"
  name = "github.com/bmizerany/pat"
  packages = ["."]
  pruneopts = "UT"
  revision = "6226ea591a40176dd3ff9cd8eff81ed6ca721a00"

[[projects]]
  branch = "master"
  digest = "1:a8022e3b5ae297d4c99a589b772c607a15284107fc037127142e177ac16b30a0"
  name = "github.com/cloudfoundry/go-socks5"
  packages = ["."]
  pruneopts = "UT"
  revision = "54f73bdb8a8e85a6611d3d29ab9bbf98c2a060d7"

[[projects]]
  digest = "1:dfedafdd42492d6a20ac115b8e1d6ccc6085ffba33274d5f07e66b83e9a0b02b"
  name = "github.com/cloudfoundry/socks5-proxy"
  packages = ["."]
  pruneopts = "UT"
  revision = "633b6fe4c3d8d72a4e7397a948027db02a8e2a96"
  version = "v0.2.0"

[[projects]]
  digest = "1:88e0b0baeb9072f0a4afbcf12dda615fc8be001d1802357538591155998da21b"
  name = "github.com/hashicorp/go-version"
  packages = ["."]
  pruneopts = "UT"
  revision = "ac23dc3fea5d1a983c43f6a0f6e2c13f0195d8bd"
  version = "v1.2.0"

[[projects]]
  branch = "master"
  digest = "1:59392ed8afb901aab4287d4894df8191722e34f3957716f4350c8c133ce99046"
  name = "github.com/hpcloud/tail"
  packages = [
    ".",
    "ratelimiter",
    "util",
    "watch",
    "winfile",
  ]
  pruneopts = "UT"
  revision = "a1dbeea552b7c8df4b542c66073e393de198a800"

[[projects]]
  branch = "master"
  digest = "1:0e1e5f960c58fdc677212fcc70e55042a0084d367623e51afbdb568963832f5d"
  name = "github.com/nu7hatch/gouuid"
  packages = ["."]
  pruneopts = "UT"
  revision = "179d4d0c4d8d407a32af483c2354df1d2c91e6c3"

[[projects]]
  digest = "1:3a7da5fe2be70407dd32d2e79e04ff15c2d592cd0336b71ea480688c9fc572db"
  name = "github.com/onsi/ginkgo"
  packages = [
    ".",
    "config",
    "internal/codelocation",
    "internal/containernode",
    "internal/failer",
    "internal/leafnodes",
    "internal/remote",
    "internal/spec",
    "internal/spec_iterator",
    "internal/specrunner",
    "internal/suite",
    "internal/testingtproxy",
    "internal/writer",
    "reporters",
    "reporters/stenographer",
    "reporters/stenographer/support/go-colorable",
    "reporters/stenographer/support/go-isatty",
    "types",
  ]
  pruneopts = "UT"
  revision = "40598150331533e3cd497f21dcce387dae84b561"
  version = "v1.12.0"

[[projects]]
  digest = "1:1cebadc5bc9a0d87b1cc7317d278c084cf03bd1cec25aef6ba7a2a4d65f80d4d"
  name = "github.com/onsi/gomega"
  packages = [
    ".",
    "format",
    "gbytes",
    "gexec",
    "internal/assertion",
    "internal/asyncassertion",
    "internal/oraclematcher",
    "internal/testingtsupport",
    "matchers",
    "matchers/support/goraph/bipartitegraph",
    "matchers/support/goraph/edge",
    "matchers/support/goraph/node",
    "matchers/support/goraph/util",
    "types",
  ]
  pruneopts = "UT"
  revision = "6be6c439588487cd908a3a700795660c2a16dfec"
  version = "v1.9.0"

[[projects]]
  digest = "1:13dd0b927dfd82ff32299ff620f76fb2840c298dc71e36389d038a6bd1103567"
  name = "github.com/tedsuo/rata"
  packages = ["."]
  pruneopts = "UT"
  revision = "0649c23705dfb45a9693b668c4fc1c0666f485d9"
  version = "v1.0.0"

[[projects]]
  digest = "1:25253213243fe3cf02abf5820334bc5ba13a6a743480f1c5f80c2611d6ece9df"
  name = "github.com/vito/go-sse"
  packages = ["sse"]
  pruneopts = "UT"
  revision = "6da6c7343a744d57f29151a2d2c3817c21ffe9bf"
  version = "v1.0.0"

[[projects]]
  branch = "master"
  digest = "1:6481b321e52388f6d8a66f6f0fb8cd64c51a704acc9b94b793579f19dc87aa49"
  name = "golang.org/x/crypto"
  packages = [
    "blowfish",
    "chacha20",
    "curve25519",
    "ed25519",
    "ed25519/internal/edwards25519",
    "internal/subtle",
    "poly1305",
    "ssh",
    "ssh/internal/bcrypt_pbkdf",
  ]
  pruneopts = "UT"
  revision = "4b2356b1ed79e6be3deca3737a3db3d132d2847a"

[[projects]]
  branch = "master"
  digest = "1:532252ac3b338b8a61bfc43b798ff16d78d63afecf72e7f86966d386cfa83905"
  name = "golang.org/x/net"
  packages = [
    "context",
    "html",
    "html/atom",
    "html/charset",
    "internal/socks",
    "proxy",
  ]
  pruneopts = "UT"
  revision = "e0ff5e5a1de5b859e2d48a2830d7933b3ab5b75f"

[[projects]]
  branch = "master"
  digest = "1:32c9daa22a90424f14ab496550bbbb3ea78b61bc5f9f6fd024f4bad77b6722cd"
  name = "golang.org/x/sys"
  packages = [
    "cpu",
    "internal/unsafeheader",
    "unix",
  ]
  pruneopts = "UT"
  revision = "bc7a7d42d5c30f4d0fe808715c002826ce2c624e"

[[projects]]
  digest = "1:8a0baffd5559acaa560f854d7d525c02f4fec2d4f8a214398556fb661a10f6e0"
  name = "golang.org/x/text"
  packages = [
    "encoding",
    "encoding/charmap",
    "encoding/htmlindex",
    "encoding/internal",
    "encoding/internal/identifier",
    "encoding/japanese",
    "encoding/korean",
    "encoding/simplifiedchinese",
    "encoding/traditionalchinese",
    "encoding/unicode",
    "internal/gen",
    "internal/language",
    "internal/language/compact",
    "internal/tag",
    "internal/utf8internal",
    "language",
    "runes",
    "transform",
    "unicode/cldr",
  ]
  pruneopts = "UT"
  revision = "342b2e1fbaa52c93f31447ad2c6abc048c63e475"
  version = "v0.3.2"

[[projects]]
  branch = "master"
  digest = "1:918a46e4a2fb83df33f668f5a6bd51b2996775d073fce1800d3ec01b0a5ddd2b"
  name = "golang.org/x/xerrors"
  packages = [
    ".",
    "internal",
  ]
  pruneopts = "UT"
  revision = "9bdfabe68543c54f90421aeb9a60ef8061b5b544"

[[projects]]
  digest = "1:80057945464ffb5b0da1f026beb8df0e8dbd098eaf771a349291bed2cd29a83e"
  name = "gopkg.in/fsnotify/fsnotify.v1"
  packages = ["."]
  pruneopts = "UT"
  revision = "45d7d09e39ef4ac08d493309fa031790c15bfe8a"
  version = "v1.4.9"

[[projects]]
  digest = "1:3c839a777de0e6da035c9de900b60cbec463b0a89351192c1ea083eaf9e0fce0"
  name = "gopkg.in/tomb.v1"
  packages = ["."]
  pruneopts = "UT"
  revision = "c131134a1947e9afd9cecfe11f4c6dff0732ae58"

[[projects]]
  digest = "1:55b110c99c5fdc4f14930747326acce56b52cfce60b24b1c03ef686ac0e46bb1"
  name = "gopkg.in/yaml.v2"
  packages = ["."]
  pruneopts = "UT"
  revision = "53403b58ad1b561927d19068c655246f2db79d48"
  version = "v2.2.8"

[solve-meta]
  analyzer-name = "dep"
  analyzer-version = 1
  input-imports = [
    "code.cloudfoundry.org/credhub-cli/credhub",
    "code.cloudfoundry.org/credhub-cli/credhub/auth",
    "code.cloudfoundry.org/credhub-cli/credhub/credentials/generate",
    "code.cloudfoundry.org/routing-api",
    "code.cloudfoundry.org/routing-api/models",
    "github.com/onsi/ginkgo",
    "github.com/onsi/gomega",
    "github.com/onsi/gomega/gbytes",
    "github.com/onsi/gomega/gexec",
  ]
  solver-name = "gps-cdcl"
  solver-version = 1
